
Microsoft Visual Studio Solution File, Format Version 12.00
# Visual Studio 14
VisualStudioVersion = 14.0.25420.1
MinimumVisualStudioVersion = 10.0.40219.1
Project("{FAE04EC0-301F-11D3-BF4B-00C04F79EFBC}") = "FN.Store.UI.CLI", "FN.Store.UI.CLI\FN.Store.UI.CLI.csproj", "{E85F3A07-E6E1-43B3-AB6B-0DA05E2A8747}"
EndProject
Project("{FAE04EC0-301F-11D3-BF4B-00C04F79EFBC}") = "FN.Store.Data", "FN.Store.Data\FN.Store.Data.csproj", "{48F51F23-5383-47E1-B28B-42F0FB88C80D}"
EndProject
Project("{FAE04EC0-301F-11D3-BF4B-00C04F79EFBC}") = "FN.Store.Domain", "FN.Store.Domain\FN.Store.Domain.csproj", "{881B55BE-A23A-487D-8DA3-76D879684A6C}"
EndProject
Project("{FAE04EC0-301F-11D3-BF4B-00C04F79EFBC}") = "FN.Store.UI.Web", "FN.Store.UI.Web\FN.Store.UI.Web.csproj", "{2811A326-DF61-4F9F-A326-5FB9D0793DE7}"
EndProject
Project("{FAE04EC0-301F-11D3-BF4B-00C04F79EFBC}") = "FN.Store.Api", "FN.Store.Api\FN.Store.Api.csproj", "{12CAFDBD-D900-48A5-B273-DAFA34FFDD9B}"
EndProject
Project("{FAE04EC0-301F-11D3-BF4B-00C04F79EFBC}") = "FN.Store.WCFData", "FN.Store.WCFData\FN.Store.WCFData.csproj", "{E64341E7-9ED8-42B8-9B6D-7D1AD197CA44}"
EndProject
Project("{FAE04EC0-301F-11D3-BF4B-00C04F79EFBC}") = "FN.Store.WCFData.CLI", "FN.Store.WCFData.CLI\FN.Store.WCFData.CLI.csproj", "{2318DD90-043A-40C3-A456-5765022F2BB3}"
	ProjectSection(ProjectDependencies) = postProject
		{E64341E7-9ED8-42B8-9B6D-7D1AD197CA44} = {E64341E7-9ED8-42B8-9B6D-7D1AD197CA44}
	EndProjectSection
EndProject
Project("{2150E333-8FDC-42A3-9474-1A3956D46DE8}") = "Core", "Core", "{2805740B-DC3D-447D-859A-519059A87B14}"
EndProject
Project("{2150E333-8FDC-42A3-9474-1A3956D46DE8}") = "Api", "Api", "{A378C0AC-2846-478A-86C7-E552046C0F74}"
EndProject
Project("{2150E333-8FDC-42A3-9474-1A3956D46DE8}") = "UI", "UI", "{39AA60C4-8B93-45F3-8479-48F0355F8938}"
EndProject
Project("{2150E333-8FDC-42A3-9474-1A3956D46DE8}") = "Service Bus", "Service Bus", "{1B739FBB-D5B7-4869-97A8-2E3370ADDDCF}"
EndProject
Project("{FAE04EC0-301F-11D3-BF4B-00C04F79EFBC}") = "FN.Store.SB.Service", "FN.Store.SB.Service\FN.Store.SB.Service.csproj", "{49DAB956-F5DA-40B7-AD49-E0F3DF2BB142}"
EndProject
Project("{FAE04EC0-301F-11D3-BF4B-00C04F79EFBC}") = "FN.Store.SB.Client", "FN.Store.SB.Client\FN.Store.SB.Client.csproj", "{CA904CD7-B071-4DD8-96EC-19D10808C6CD}"
EndProject
Project("{FAE04EC0-301F-11D3-BF4B-00C04F79EFBC}") = "FN.Store.UI.ApiClient", "FN.Store.UI.ApiClient\FN.Store.UI.ApiClient.csproj", "{84AA88DD-0835-47CA-89D7-A173A0D69DED}"
EndProject
Global
	GlobalSection(SolutionConfigurationPlatforms) = preSolution
		Debug|Any CPU = Debug|Any CPU
		Release|Any CPU = Release|Any CPU
	EndGlobalSection
	GlobalSection(ProjectConfigurationPlatforms) = postSolution
		{E85F3A07-E6E1-43B3-AB6B-0DA05E2A8747}.Debug|Any CPU.ActiveCfg = Debug|Any CPU
		{E85F3A07-E6E1-43B3-AB6B-0DA05E2A8747}.Debug|Any CPU.Build.0 = Debug|Any CPU
		{E85F3A07-E6E1-43B3-AB6B-0DA05E2A8747}.Release|Any CPU.ActiveCfg = Release|Any CPU
		{E85F3A07-E6E1-43B3-AB6B-0DA05E2A8747}.Release|Any CPU.Build.0 = Release|Any CPU
		{48F51F23-5383-47E1-B28B-42F0FB88C80D}.Debug|Any CPU.ActiveCfg = Debug|Any CPU
		{48F51F23-5383-47E1-B28B-42F0FB88C80D}.Debug|Any CPU.Build.0 = Debug|Any CPU
		{48F51F23-5383-47E1-B28B-42F0FB88C80D}.Release|Any CPU.ActiveCfg = Release|Any CPU
		{48F51F23-5383-47E1-B28B-42F0FB88C80D}.Release|Any CPU.Build.0 = Release|Any CPU
		{881B55BE-A23A-487D-8DA3-76D879684A6C}.Debug|Any CPU.ActiveCfg = Debug|Any CPU
		{881B55BE-A23A-487D-8DA3-76D879684A6C}.Debug|Any CPU.Build.0 = Debug|Any CPU
		{881B55BE-A23A-487D-8DA3-76D879684A6C}.Release|Any CPU.ActiveCfg = Release|Any CPU
		{881B55BE-A23A-487D-8DA3-76D879684A6C}.Release|Any CPU.Build.0 = Release|Any CPU
		{2811A326-DF61-4F9F-A326-5FB9D0793DE7}.Debug|Any CPU.ActiveCfg = Debug|Any CPU
		{2811A326-DF61-4F9F-A326-5FB9D0793DE7}.Debug|Any CPU.Build.0 = Debug|Any CPU
		{2811A326-DF61-4F9F-A326-5FB9D0793DE7}.Release|Any CPU.ActiveCfg = Release|Any CPU
		{2811A326-DF61-4F9F-A326-5FB9D0793DE7}.Release|Any CPU.Build.0 = Release|Any CPU
		{12CAFDBD-D900-48A5-B273-DAFA34FFDD9B}.Debug|Any CPU.ActiveCfg = Debug|Any CPU
		{12CAFDBD-D900-48A5-B273-DAFA34FFDD9B}.Debug|Any CPU.Build.0 = Debug|Any CPU
		{12CAFDBD-D900-48A5-B273-DAFA34FFDD9B}.Release|Any CPU.ActiveCfg = Release|Any CPU
		{12CAFDBD-D900-48A5-B273-DAFA34FFDD9B}.Release|Any CPU.Build.0 = Release|Any CPU
		{E64341E7-9ED8-42B8-9B6D-7D1AD197CA44}.Debug|Any CPU.ActiveCfg = Debug|Any CPU
		{E64341E7-9ED8-42B8-9B6D-7D1AD197CA44}.Debug|Any CPU.Build.0 = Debug|Any CPU
		{E64341E7-9ED8-42B8-9B6D-7D1AD197CA44}.Release|Any CPU.ActiveCfg = Release|Any CPU
		{E64341E7-9ED8-42B8-9B6D-7D1AD197CA44}.Release|Any CPU.Build.0 = Release|Any CPU
		{2318DD90-043A-40C3-A456-5765022F2BB3}.Debug|Any CPU.ActiveCfg = Debug|Any CPU
		{2318DD90-043A-40C3-A456-5765022F2BB3}.Debug|Any CPU.Build.0 = Debug|Any CPU
		{2318DD90-043A-40C3-A456-5765022F2BB3}.Release|Any CPU.ActiveCfg = Release|Any CPU
		{2318DD90-043A-40C3-A456-5765022F2BB3}.Release|Any CPU.Build.0 = Release|Any CPU
		{49DAB956-F5DA-40B7-AD49-E0F3DF2BB142}.Debug|Any CPU.ActiveCfg = Debug|Any CPU
		{49DAB956-F5DA-40B7-AD49-E0F3DF2BB142}.Debug|Any CPU.Build.0 = Debug|Any CPU
		{49DAB956-F5DA-40B7-AD49-E0F3DF2BB142}.Release|Any CPU.ActiveCfg = Release|Any CPU
		{49DAB956-F5DA-40B7-AD49-E0F3DF2BB142}.Release|Any CPU.Build.0 = Release|Any CPU
		{CA904CD7-B071-4DD8-96EC-19D10808C6CD}.Debug|Any CPU.ActiveCfg = Debug|Any CPU
		{CA904CD7-B071-4DD8-96EC-19D10808C6CD}.Debug|Any CPU.Build.0 = Debug|Any CPU
		{CA904CD7-B071-4DD8-96EC-19D10808C6CD}.Release|Any CPU.ActiveCfg = Release|Any CPU
		{CA904CD7-B071-4DD8-96EC-19D10808C6CD}.Release|Any CPU.Build.0 = Release|Any CPU
		{84AA88DD-0835-47CA-89D7-A173A0D69DED}.Debug|Any CPU.ActiveCfg = Debug|Any CPU
		{84AA88DD-0835-47CA-89D7-A173A0D69DED}.Debug|Any CPU.Build.0 = Debug|Any CPU
		{84AA88DD-0835-47CA-89D7-A173A0D69DED}.Release|Any CPU.ActiveCfg = Release|Any CPU
		{84AA88DD-0835-47CA-89D7-A173A0D69DED}.Release|Any CPU.Build.0 = Release|Any CPU
	EndGlobalSection
	GlobalSection(SolutionProperties) = preSolution
		HideSolutionNode = FALSE
	EndGlobalSection
	GlobalSection(NestedProjects) = preSolution
		{E85F3A07-E6E1-43B3-AB6B-0DA05E2A8747} = {39AA60C4-8B93-45F3-8479-48F0355F8938}
		{48F51F23-5383-47E1-B28B-42F0FB88C80D} = {2805740B-DC3D-447D-859A-519059A87B14}
		{881B55BE-A23A-487D-8DA3-76D879684A6C} = {2805740B-DC3D-447D-859A-519059A87B14}
		{2811A326-DF61-4F9F-A326-5FB9D0793DE7} = {39AA60C4-8B93-45F3-8479-48F0355F8938}
		{12CAFDBD-D900-48A5-B273-DAFA34FFDD9B} = {A378C0AC-2846-478A-86C7-E552046C0F74}
		{E64341E7-9ED8-42B8-9B6D-7D1AD197CA44} = {A378C0AC-2846-478A-86C7-E552046C0F74}
		{2318DD90-043A-40C3-A456-5765022F2BB3} = {39AA60C4-8B93-45F3-8479-48F0355F8938}
		{49DAB956-F5DA-40B7-AD49-E0F3DF2BB142} = {1B739FBB-D5B7-4869-97A8-2E3370ADDDCF}
		{CA904CD7-B071-4DD8-96EC-19D10808C6CD} = {1B739FBB-D5B7-4869-97A8-2E3370ADDDCF}
		{84AA88DD-0835-47CA-89D7-A173A0D69DED} = {39AA60C4-8B93-45F3-8479-48F0355F8938}
	EndGlobalSection
EndGlobal
